
Microsoft Visual Studio Solution File, Format Version 12.00
# Visual Studio Version 17
VisualStudioVersion = 17.7.34031.279
MinimumVisualStudioVersion = 10.0.40219.1
Project("{FAE04EC0-301F-11D3-BF4B-00C04F79EFBC}") = "ZenithReads", "ZenithReads\ZenithReads.csproj", "{8F15EB92-7A93-4104-BBC4-38E061562559}"
EndProject
Global
	GlobalSection(SolutionConfigurationPlatforms) = preSolution
		Debug|Any CPU = Debug|Any CPU
		Release|Any CPU = Release|Any CPU
	EndGlobalSection
	GlobalSection(ProjectConfigurationPlatforms) = postSolution
		{8F15EB92-7A93-4104-BBC4-38E061562559}.Debug|Any CPU.ActiveCfg = Debug|Any CPU
		{8F15EB92-7A93-4104-BBC4-38E061562559}.Debug|Any CPU.Build.0 = Debug|Any CPU
		{8F15EB92-7A93-4104-BBC4-38E061562559}.Release|Any CPU.ActiveCfg = Release|Any CPU
		{8F15EB92-7A93-4104-BBC4-38E061562559}.Release|Any CPU.Build.0 = Release|Any CPU
	EndGlobalSection
	GlobalSection(SolutionProperties) = preSolution
		HideSolutionNode = FALSE
	EndGlobalSection
	GlobalSection(ExtensibilityGlobals) = postSolution
		SolutionGuid = {297AF4A1-AB16-4029-94B2-1EE954E4CAEF}
	EndGlobalSection
EndGlobal
